
Microsoft Visual Studio Solution File, Format Version 12.00
# Visual Studio Version 16
VisualStudioVersion = 16.0.31702.278
MinimumVisualStudioVersion = 10.0.40219.1
Project("{FAE04EC0-301F-11D3-BF4B-00C04F79EFBC}") = "Aula", "Aula\Aula.csproj", "{93F058DC-BA16-40BD-BB1F-96E1F4C87848}"
EndProject
Project("{FAE04EC0-301F-11D3-BF4B-00C04F79EFBC}") = "Lanchonete", "Lanchonete\Lanchonete.csproj", "{A9BC0AF5-BBD6-48FB-9BA8-5B2902DD835B}"
EndProject
Global
	GlobalSection(SolutionConfigurationPlatforms) = preSolution
		Debug|Any CPU = Debug|Any CPU
		Release|Any CPU = Release|Any CPU
	EndGlobalSection
	GlobalSection(ProjectConfigurationPlatforms) = postSolution
		{93F058DC-BA16-40BD-BB1F-96E1F4C87848}.Debug|Any CPU.ActiveCfg = Debug|Any CPU
		{93F058DC-BA16-40BD-BB1F-96E1F4C87848}.Debug|Any CPU.Build.0 = Debug|Any CPU
		{93F058DC-BA16-40BD-BB1F-96E1F4C87848}.Release|Any CPU.ActiveCfg = Release|Any CPU
		{93F058DC-BA16-40BD-BB1F-96E1F4C87848}.Release|Any CPU.Build.0 = Release|Any CPU
		{A9BC0AF5-BBD6-48FB-9BA8-5B2902DD835B}.Debug|Any CPU.ActiveCfg = Debug|Any CPU
		{A9BC0AF5-BBD6-48FB-9BA8-5B2902DD835B}.Debug|Any CPU.Build.0 = Debug|Any CPU
		{A9BC0AF5-BBD6-48FB-9BA8-5B2902DD835B}.Release|Any CPU.ActiveCfg = Release|Any CPU
		{A9BC0AF5-BBD6-48FB-9BA8-5B2902DD835B}.Release|Any CPU.Build.0 = Release|Any CPU
	EndGlobalSection
	GlobalSection(SolutionProperties) = preSolution
		HideSolutionNode = FALSE
	EndGlobalSection
	GlobalSection(ExtensibilityGlobals) = postSolution
		SolutionGuid = {38BD545A-C9E4-4722-96E3-36525AFCB460}
	EndGlobalSection
EndGlobal
